// !$*UTF8*$!
{
	archiveVersion = 1;
	classes = {
	};
	objectVersion = 46;
	objects = {

/* Begin PBXBuildFile section */
		54985BB41ACEB33E0094009D /* main.cpp in Sources */ = {isa = PBXBuildFile; fileRef = 54985BB31ACEB33E0094009D /* main.cpp */; };
/* End PBXBuildFile section */

/* Begin PBXCopyFilesBuildPhase section */
		54985BAE1ACEB33E0094009D /* CopyFiles */ = {
			isa = PBXCopyFilesBuildPhase;
			buildActionMask = 2147483647;
			dstPath = /usr/share/man/man1/;
			dstSubfolderSpec = 0;
			files = (
			);
			runOnlyForDeploymentPostprocessing = 1;
		};
/* End PBXCopyFilesBuildPhase section */

/* Begin PBXFileReference section */
		54985BB01ACEB33E0094009D /* MicrosoftExam2 */ = {isa = PBXFileReference; explicitFileType = "compiled.mach-o.executable"; includeInIndex = 0; path = MicrosoftExam2; sourceTree = BUILT_PRODUCTS_DIR; };
		54985BB31ACEB33E0094009D /* main.cpp */ = {isa = PBXFileReference; lastKnownFileType = sourcecode.cpp.cpp; path = main.cpp; sourceTree = "<group>"; };
/* End PBXFileReference section */

/* Begin PBXFrameworksBuildPhase section */
		54985BAD1ACEB33E0094009D /* Frameworks */ = {
			isa = PBXFrameworksBuildPhase;
			buildActionMask = 2147483647;
			files = (
			);
			runOnlyForDeploymentPostprocessing = 0;
		};
/* End PBXFrameworksBuildPhase section */

/* Begin PBXGroup section */
		54985BA71ACEB33E0094009D = {
			isa = PBXGroup;
			children = (
				54985BB21ACEB33E0094009D /* MicrosoftExam2 */,
				54985BB11ACEB33E0094009D /* Products */,
			);
			sourceTree = "<group>";
		};
		54985BB11ACEB33E0094009D /* Products */ = {
			isa = PBXGroup;
			children = (
				54985BB01ACEB33E0094009D /* MicrosoftExam2 */,
			);
			name = Products;
			sourceTree = "<group>";
		};
		54985BB21ACEB33E0094009D /* MicrosoftExam2 */ = {
			isa = PBXGroup;
			children = (
				54985BB31ACEB33E0094009D /* main.cpp */,
			);
			path = MicrosoftExam2;
			sourceTree = "<group>";
		};
/* End PBXGroup section */

/* Begin PBXNativeTarget section */
		54985BAF1ACEB33E0094009D /* MicrosoftExam2 */ = {
			isa = PBXNativeTarget;
			buildConfigurationList = 54985BB71ACEB33E0094009D /* Build configuration list for PBXNativeTarget "MicrosoftExam2" */;
			buildPhases = (
				54985BAC1ACEB33E0094009D /* Sources */,
				54985BAD1ACEB33E0094009D /* Frameworks */,
				54985BAE1ACEB33E0094009D /* CopyFiles */,
			);
			buildRules = (
			);
			dependencies = (
			);
			name = MicrosoftExam2;
			productName = MicrosoftExam2;
			productReference = 54985BB01ACEB33E0094009D /* MicrosoftExam2 */;
			productType = "com.apple.product-type.tool";
		};
/* End PBXNativeTarget section */

/* Begin PBXProject section */
		54985BA81ACEB33E0094009D /* Project object */ = {
			isa = PBXProject;
			attributes = {
				LastUpgradeCheck = 0620;
				ORGANIZATIONNAME = chen;
				TargetAttributes = {
					54985BAF1ACEB33E0094009D = {
						CreatedOnToolsVersion = 6.2;
					};
				};
			};
			buildConfigurationList = 54985BAB1ACEB33E0094009D /* Build configuration list for PBXProject "MicrosoftExam2" */;
			compatibilityVersion = "Xcode 3.2";
			developmentRegion = English;
			hasScannedForEncodings = 0;
			knownRegions = (
				en,
			);
			mainGroup = 54985BA71ACEB33E0094009D;
			productRefGroup = 54985BB11ACEB33E0094009D /* Products */;
			projectDirPath = "";
			projectRoot = "";
			targets = (
				54985BAF1ACEB33E0094009D /* MicrosoftExam2 */,
			);
		};
/* End PBXProject section */

/* Begin PBXSourcesBuildPhase section */
		54985BAC1ACEB33E0094009D /* Sources */ = {
			isa = PBXSourcesBuildPhase;
			buildActionMask = 2147483647;
			files = (
				54985BB41ACEB33E0094009D /* main.cpp in Sources */,
			);
			runOnlyForDeploymentPostprocessing = 0;
		};
/* End PBXSourcesBuildPhase section */

/* Begin XCBuildConfiguration section */
		54985BB51ACEB33E0094009D /* Debug */ = {
			isa = XCBuildConfiguration;
			buildSettings = {
				ALWAYS_SEARCH_USER_PATHS = NO;
				CLANG_CXX_LANGUAGE_STANDARD = "gnu++0x";
				CLANG_CXX_LIBRARY = "libc++";
				CLANG_ENABLE_MODULES = YES;
				CLANG_ENABLE_OBJC_ARC = YES;
				CLANG_WARN_BOOL_CONVERSION = YES;
				CLANG_WARN_CONSTANT_CONVERSION = YES;
				CLANG_WARN_DIRECT_OBJC_ISA_USAGE = YES_ERROR;
				CLANG_WARN_EMPTY_BODY = YES;
				CLANG_WARN_ENUM_CONVERSION = YES;
				CLANG_WARN_INT_CONVERSION = YES;
				CLANG_WARN_OBJC_ROOT_CLASS = YES_ERROR;
				CLANG_WARN_UNREACHABLE_CODE = YES;
				CLANG_WARN__DUPLICATE_METHOD_MATCH = YES;
				COPY_PHASE_STRIP = NO;
				ENABLE_STRICT_OBJC_MSGSEND = YES;
				GCC_C_LANGUAGE_STANDARD = gnu99;
				GCC_DYNAMIC_NO_PIC = NO;
				GCC_OPTIMIZATION_LEVEL = 0;
				GCC_PREPROCESSOR_DEFINITIONS = (
					"DEBUG=1",
					"$(inherited)",
				);
				GCC_SYMBOLS_PRIVATE_EXTERN = NO;
				GCC_WARN_64_TO_32_BIT_CONVERSION = YES;
				GCC_WARN_ABOUT_RETURN_TYPE = YES_ERROR;
				GCC_WARN_UNDECLARED_SELECTOR = YES;
				GCC_WARN_UNINITIALIZED_AUTOS = YES_AGGRESSIVE;
				GCC_WARN_UNUSED_FUNCTION = YES;
				GCC_WARN_UNUSED_VARIABLE = YES;
				MACOSX_DEPLOYMENT_TARGET = 10.10;
				MTL_ENABLE_DEBUG_INFO = YES;
				ONLY_ACTIVE_ARCH = YES;
				SDKROOT = macosx;
			};
			name = Debug;
		};
		54985BB61ACEB33E0094009D /* Release */ = {
			isa = XCBuildConfiguration;
			buildSettings = {
				ALWAYS_SEARCH_USER_PATHS = NO;
				CLANG_CXX_LANGUAGE_STANDARD = "gnu++0x";
				CLANG_CXX_LIBRARY = "libc++";
				CLANG_ENABLE_MODULES = YES;
				CLANG_ENABLE_OBJC_ARC = YES;
				CLANG_WARN_BOOL_CONVERSION = YES;
				CLANG_WARN_CONSTANT_CONVERSION = YES;
				CLANG_WARN_DIRECT_OBJC_ISA_USAGE = YES_ERROR;
				CLANG_WARN_EMPTY_BODY = YES;
				CLANG_WARN_ENUM_CONVERSION = YES;
				CLANG_WARN_INT_CONVERSION = YES;
				CLANG_WARN_OBJC_ROOT_CLASS = YES_ERROR;
				CLANG_WARN_UNREACHABLE_CODE = YES;
				CLANG_WARN__DUPLICATE_METHOD_MATCH = YES;
				COPY_PHASE_STRIP = NO;
				DEBUG_INFORMATION_FORMAT = "dwarf-with-dsym";
				ENABLE_NS_ASSERTIONS = NO;
				ENABLE_STRICT_OBJC_MSGSEND = YES;
				GCC_C_LANGUAGE_STANDARD = gnu99;
				GCC_WARN_64_TO_32_BIT_CONVERSION = YES;
				GCC_WARN_ABOUT_RETURN_TYPE = YES_ERROR;
				GCC_WARN_UNDECLARED_SELECTOR = YES;
				GCC_WARN_UNINITIALIZED_AUTOS = YES_AGGRESSIVE;
				GCC_WARN_UNUSED_FUNCTION = YES;
				GCC_WARN_UNUSED_VARIABLE = YES;
				MACOSX_DEPLOYMENT_TARGET = 10.10;
				MTL_ENABLE_DEBUG_INFO = NO;
				SDKROOT = macosx;
			};
			name = Release;
		};
		54985BB81ACEB33E0094009D /* Debug */ = {
			isa = XCBuildConfiguration;
			buildSettings = {
				PRODUCT_NAME = "$(TARGET_NAME)";
			};
			name = Debug;
		};
		54985BB91ACEB33E0094009D /* Release */ = {
			isa = XCBuildConfiguration;
			buildSettings = {
				PRODUCT_NAME = "$(TARGET_NAME)";
			};
			name = Release;
		};
/* End XCBuildConfiguration section */

/* Begin XCConfigurationList section */
		54985BAB1ACEB33E0094009D /* Build configuration list for PBXProject "MicrosoftExam2" */ = {
			isa = XCConfigurationList;
			buildConfigurations = (
				54985BB51ACEB33E0094009D /* Debug */,
				54985BB61ACEB33E0094009D /* Release */,
			);
			defaultConfigurationIsVisible = 0;
			defaultConfigurationName = Release;
		};
		54985BB71ACEB33E0094009D /* Build configuration list for PBXNativeTarget "MicrosoftExam2" */ = {
			isa = XCConfigurationList;
			buildConfigurations = (
				54985BB81ACEB33E0094009D /* Debug */,
				54985BB91ACEB33E0094009D /* Release */,
			);
			defaultConfigurationIsVisible = 0;
		};
/* End XCConfigurationList section */
	};
	rootObject = 54985BA81ACEB33E0094009D /* Project object */;
}
