// !$*UTF8*$!
{
	archiveVersion = 1;
	classes = {
	};
	objectVersion = 46;
	objects = {

/* Begin PBXBuildFile section */
		54C61D381AC9A9C900B47C04 /* main.cpp in Sources */ = {isa = PBXBuildFile; fileRef = 54C61D371AC9A9C900B47C04 /* main.cpp */; };
/* End PBXBuildFile section */

/* Begin PBXCopyFilesBuildPhase section */
		54C61D321AC9A9C900B47C04 /* CopyFiles */ = {
			isa = PBXCopyFilesBuildPhase;
			buildActionMask = 2147483647;
			dstPath = /usr/share/man/man1/;
			dstSubfolderSpec = 0;
			files = (
			);
			runOnlyForDeploymentPostprocessing = 1;
		};
/* End PBXCopyFilesBuildPhase section */

/* Begin PBXFileReference section */
		54C61D341AC9A9C900B47C04 /* BFS */ = {isa = PBXFileReference; explicitFileType = "compiled.mach-o.executable"; includeInIndex = 0; path = BFS; sourceTree = BUILT_PRODUCTS_DIR; };
		54C61D371AC9A9C900B47C04 /* main.cpp */ = {isa = PBXFileReference; lastKnownFileType = sourcecode.cpp.cpp; path = main.cpp; sourceTree = "<group>"; };
/* End PBXFileReference section */

/* Begin PBXFrameworksBuildPhase section */
		54C61D311AC9A9C900B47C04 /* Frameworks */ = {
			isa = PBXFrameworksBuildPhase;
			buildActionMask = 2147483647;
			files = (
			);
			runOnlyForDeploymentPostprocessing = 0;
		};
/* End PBXFrameworksBuildPhase section */

/* Begin PBXGroup section */
		54C61D2B1AC9A9C900B47C04 = {
			isa = PBXGroup;
			children = (
				54C61D361AC9A9C900B47C04 /* BFS */,
				54C61D351AC9A9C900B47C04 /* Products */,
			);
			sourceTree = "<group>";
		};
		54C61D351AC9A9C900B47C04 /* Products */ = {
			isa = PBXGroup;
			children = (
				54C61D341AC9A9C900B47C04 /* BFS */,
			);
			name = Products;
			sourceTree = "<group>";
		};
		54C61D361AC9A9C900B47C04 /* BFS */ = {
			isa = PBXGroup;
			children = (
				54C61D371AC9A9C900B47C04 /* main.cpp */,
			);
			path = BFS;
			sourceTree = "<group>";
		};
/* End PBXGroup section */

/* Begin PBXNativeTarget section */
		54C61D331AC9A9C900B47C04 /* BFS */ = {
			isa = PBXNativeTarget;
			buildConfigurationList = 54C61D3B1AC9A9C900B47C04 /* Build configuration list for PBXNativeTarget "BFS" */;
			buildPhases = (
				54C61D301AC9A9C900B47C04 /* Sources */,
				54C61D311AC9A9C900B47C04 /* Frameworks */,
				54C61D321AC9A9C900B47C04 /* CopyFiles */,
			);
			buildRules = (
			);
			dependencies = (
			);
			name = BFS;
			productName = BFS;
			productReference = 54C61D341AC9A9C900B47C04 /* BFS */;
			productType = "com.apple.product-type.tool";
		};
/* End PBXNativeTarget section */

/* Begin PBXProject section */
		54C61D2C1AC9A9C900B47C04 /* Project object */ = {
			isa = PBXProject;
			attributes = {
				LastUpgradeCheck = 0620;
				ORGANIZATIONNAME = chen;
				TargetAttributes = {
					54C61D331AC9A9C900B47C04 = {
						CreatedOnToolsVersion = 6.2;
					};
				};
			};
			buildConfigurationList = 54C61D2F1AC9A9C900B47C04 /* Build configuration list for PBXProject "BFS" */;
			compatibilityVersion = "Xcode 3.2";
			developmentRegion = English;
			hasScannedForEncodings = 0;
			knownRegions = (
				en,
			);
			mainGroup = 54C61D2B1AC9A9C900B47C04;
			productRefGroup = 54C61D351AC9A9C900B47C04 /* Products */;
			projectDirPath = "";
			projectRoot = "";
			targets = (
				54C61D331AC9A9C900B47C04 /* BFS */,
			);
		};
/* End PBXProject section */

/* Begin PBXSourcesBuildPhase section */
		54C61D301AC9A9C900B47C04 /* Sources */ = {
			isa = PBXSourcesBuildPhase;
			buildActionMask = 2147483647;
			files = (
				54C61D381AC9A9C900B47C04 /* main.cpp in Sources */,
			);
			runOnlyForDeploymentPostprocessing = 0;
		};
/* End PBXSourcesBuildPhase section */

/* Begin XCBuildConfiguration section */
		54C61D391AC9A9C900B47C04 /* Debug */ = {
			isa = XCBuildConfiguration;
			buildSettings = {
				ALWAYS_SEARCH_USER_PATHS = NO;
				CLANG_CXX_LANGUAGE_STANDARD = "gnu++0x";
				CLANG_CXX_LIBRARY = "libc++";
				CLANG_ENABLE_MODULES = YES;
				CLANG_ENABLE_OBJC_ARC = YES;
				CLANG_WARN_BOOL_CONVERSION = YES;
				CLANG_WARN_CONSTANT_CONVERSION = YES;
				CLANG_WARN_DIRECT_OBJC_ISA_USAGE = YES_ERROR;
				CLANG_WARN_EMPTY_BODY = YES;
				CLANG_WARN_ENUM_CONVERSION = YES;
				CLANG_WARN_INT_CONVERSION = YES;
				CLANG_WARN_OBJC_ROOT_CLASS = YES_ERROR;
				CLANG_WARN_UNREACHABLE_CODE = YES;
				CLANG_WARN__DUPLICATE_METHOD_MATCH = YES;
				COPY_PHASE_STRIP = NO;
				ENABLE_STRICT_OBJC_MSGSEND = YES;
				GCC_C_LANGUAGE_STANDARD = gnu99;
				GCC_DYNAMIC_NO_PIC = NO;
				GCC_OPTIMIZATION_LEVEL = 0;
				GCC_PREPROCESSOR_DEFINITIONS = (
					"DEBUG=1",
					"$(inherited)",
				);
				GCC_SYMBOLS_PRIVATE_EXTERN = NO;
				GCC_WARN_64_TO_32_BIT_CONVERSION = YES;
				GCC_WARN_ABOUT_RETURN_TYPE = YES_ERROR;
				GCC_WARN_UNDECLARED_SELECTOR = YES;
				GCC_WARN_UNINITIALIZED_AUTOS = YES_AGGRESSIVE;
				GCC_WARN_UNUSED_FUNCTION = YES;
				GCC_WARN_UNUSED_VARIABLE = YES;
				MACOSX_DEPLOYMENT_TARGET = 10.10;
				MTL_ENABLE_DEBUG_INFO = YES;
				ONLY_ACTIVE_ARCH = YES;
				SDKROOT = macosx;
			};
			name = Debug;
		};
		54C61D3A1AC9A9C900B47C04 /* Release */ = {
			isa = XCBuildConfiguration;
			buildSettings = {
				ALWAYS_SEARCH_USER_PATHS = NO;
				CLANG_CXX_LANGUAGE_STANDARD = "gnu++0x";
				CLANG_CXX_LIBRARY = "libc++";
				CLANG_ENABLE_MODULES = YES;
				CLANG_ENABLE_OBJC_ARC = YES;
				CLANG_WARN_BOOL_CONVERSION = YES;
				CLANG_WARN_CONSTANT_CONVERSION = YES;
				CLANG_WARN_DIRECT_OBJC_ISA_USAGE = YES_ERROR;
				CLANG_WARN_EMPTY_BODY = YES;
				CLANG_WARN_ENUM_CONVERSION = YES;
				CLANG_WARN_INT_CONVERSION = YES;
				CLANG_WARN_OBJC_ROOT_CLASS = YES_ERROR;
				CLANG_WARN_UNREACHABLE_CODE = YES;
				CLANG_WARN__DUPLICATE_METHOD_MATCH = YES;
				COPY_PHASE_STRIP = NO;
				DEBUG_INFORMATION_FORMAT = "dwarf-with-dsym";
				ENABLE_NS_ASSERTIONS = NO;
				ENABLE_STRICT_OBJC_MSGSEND = YES;
				GCC_C_LANGUAGE_STANDARD = gnu99;
				GCC_WARN_64_TO_32_BIT_CONVERSION = YES;
				GCC_WARN_ABOUT_RETURN_TYPE = YES_ERROR;
				GCC_WARN_UNDECLARED_SELECTOR = YES;
				GCC_WARN_UNINITIALIZED_AUTOS = YES_AGGRESSIVE;
				GCC_WARN_UNUSED_FUNCTION = YES;
				GCC_WARN_UNUSED_VARIABLE = YES;
				MACOSX_DEPLOYMENT_TARGET = 10.10;
				MTL_ENABLE_DEBUG_INFO = NO;
				SDKROOT = macosx;
			};
			name = Release;
		};
		54C61D3C1AC9A9C900B47C04 /* Debug */ = {
			isa = XCBuildConfiguration;
			buildSettings = {
				PRODUCT_NAME = "$(TARGET_NAME)";
			};
			name = Debug;
		};
		54C61D3D1AC9A9C900B47C04 /* Release */ = {
			isa = XCBuildConfiguration;
			buildSettings = {
				PRODUCT_NAME = "$(TARGET_NAME)";
			};
			name = Release;
		};
/* End XCBuildConfiguration section */

/* Begin XCConfigurationList section */
		54C61D2F1AC9A9C900B47C04 /* Build configuration list for PBXProject "BFS" */ = {
			isa = XCConfigurationList;
			buildConfigurations = (
				54C61D391AC9A9C900B47C04 /* Debug */,
				54C61D3A1AC9A9C900B47C04 /* Release */,
			);
			defaultConfigurationIsVisible = 0;
			defaultConfigurationName = Release;
		};
		54C61D3B1AC9A9C900B47C04 /* Build configuration list for PBXNativeTarget "BFS" */ = {
			isa = XCConfigurationList;
			buildConfigurations = (
				54C61D3C1AC9A9C900B47C04 /* Debug */,
				54C61D3D1AC9A9C900B47C04 /* Release */,
			);
			defaultConfigurationIsVisible = 0;
		};
/* End XCConfigurationList section */
	};
	rootObject = 54C61D2C1AC9A9C900B47C04 /* Project object */;
}
