// !$*UTF8*$!
{
	archiveVersion = 1;
	classes = {
	};
	objectVersion = 46;
	objects = {

/* Begin PBXBuildFile section */
		54498AD219EEEB1E0005BF09 /* main.cpp in Sources */ = {isa = PBXBuildFile; fileRef = 54498AD119EEEB1E0005BF09 /* main.cpp */; };
/* End PBXBuildFile section */

/* Begin PBXCopyFilesBuildPhase section */
		54498ACC19EEEB1E0005BF09 /* CopyFiles */ = {
			isa = PBXCopyFilesBuildPhase;
			buildActionMask = 2147483647;
			dstPath = /usr/share/man/man1/;
			dstSubfolderSpec = 0;
			files = (
			);
			runOnlyForDeploymentPostprocessing = 1;
		};
/* End PBXCopyFilesBuildPhase section */

/* Begin PBXFileReference section */
		54498ACE19EEEB1E0005BF09 /* RemoveDuplicateList */ = {isa = PBXFileReference; explicitFileType = "compiled.mach-o.executable"; includeInIndex = 0; path = RemoveDuplicateList; sourceTree = BUILT_PRODUCTS_DIR; };
		54498AD119EEEB1E0005BF09 /* main.cpp */ = {isa = PBXFileReference; lastKnownFileType = sourcecode.cpp.cpp; path = main.cpp; sourceTree = "<group>"; };
/* End PBXFileReference section */

/* Begin PBXFrameworksBuildPhase section */
		54498ACB19EEEB1E0005BF09 /* Frameworks */ = {
			isa = PBXFrameworksBuildPhase;
			buildActionMask = 2147483647;
			files = (
			);
			runOnlyForDeploymentPostprocessing = 0;
		};
/* End PBXFrameworksBuildPhase section */

/* Begin PBXGroup section */
		54498AC519EEEB1E0005BF09 = {
			isa = PBXGroup;
			children = (
				54498AD019EEEB1E0005BF09 /* RemoveDuplicateList */,
				54498ACF19EEEB1E0005BF09 /* Products */,
			);
			sourceTree = "<group>";
		};
		54498ACF19EEEB1E0005BF09 /* Products */ = {
			isa = PBXGroup;
			children = (
				54498ACE19EEEB1E0005BF09 /* RemoveDuplicateList */,
			);
			name = Products;
			sourceTree = "<group>";
		};
		54498AD019EEEB1E0005BF09 /* RemoveDuplicateList */ = {
			isa = PBXGroup;
			children = (
				54498AD119EEEB1E0005BF09 /* main.cpp */,
			);
			path = RemoveDuplicateList;
			sourceTree = "<group>";
		};
/* End PBXGroup section */

/* Begin PBXNativeTarget section */
		54498ACD19EEEB1E0005BF09 /* RemoveDuplicateList */ = {
			isa = PBXNativeTarget;
			buildConfigurationList = 54498AD519EEEB1E0005BF09 /* Build configuration list for PBXNativeTarget "RemoveDuplicateList" */;
			buildPhases = (
				54498ACA19EEEB1E0005BF09 /* Sources */,
				54498ACB19EEEB1E0005BF09 /* Frameworks */,
				54498ACC19EEEB1E0005BF09 /* CopyFiles */,
			);
			buildRules = (
			);
			dependencies = (
			);
			name = RemoveDuplicateList;
			productName = RemoveDuplicateList;
			productReference = 54498ACE19EEEB1E0005BF09 /* RemoveDuplicateList */;
			productType = "com.apple.product-type.tool";
		};
/* End PBXNativeTarget section */

/* Begin PBXProject section */
		54498AC619EEEB1E0005BF09 /* Project object */ = {
			isa = PBXProject;
			attributes = {
				LastUpgradeCheck = 0600;
				ORGANIZATIONNAME = chen;
				TargetAttributes = {
					54498ACD19EEEB1E0005BF09 = {
						CreatedOnToolsVersion = 6.0.1;
					};
				};
			};
			buildConfigurationList = 54498AC919EEEB1E0005BF09 /* Build configuration list for PBXProject "RemoveDuplicateList" */;
			compatibilityVersion = "Xcode 3.2";
			developmentRegion = English;
			hasScannedForEncodings = 0;
			knownRegions = (
				en,
			);
			mainGroup = 54498AC519EEEB1E0005BF09;
			productRefGroup = 54498ACF19EEEB1E0005BF09 /* Products */;
			projectDirPath = "";
			projectRoot = "";
			targets = (
				54498ACD19EEEB1E0005BF09 /* RemoveDuplicateList */,
			);
		};
/* End PBXProject section */

/* Begin PBXSourcesBuildPhase section */
		54498ACA19EEEB1E0005BF09 /* Sources */ = {
			isa = PBXSourcesBuildPhase;
			buildActionMask = 2147483647;
			files = (
				54498AD219EEEB1E0005BF09 /* main.cpp in Sources */,
			);
			runOnlyForDeploymentPostprocessing = 0;
		};
/* End PBXSourcesBuildPhase section */

/* Begin XCBuildConfiguration section */
		54498AD319EEEB1E0005BF09 /* Debug */ = {
			isa = XCBuildConfiguration;
			buildSettings = {
				ALWAYS_SEARCH_USER_PATHS = NO;
				CLANG_CXX_LANGUAGE_STANDARD = "gnu++0x";
				CLANG_CXX_LIBRARY = "libc++";
				CLANG_ENABLE_MODULES = YES;
				CLANG_ENABLE_OBJC_ARC = YES;
				CLANG_WARN_BOOL_CONVERSION = YES;
				CLANG_WARN_CONSTANT_CONVERSION = YES;
				CLANG_WARN_DIRECT_OBJC_ISA_USAGE = YES_ERROR;
				CLANG_WARN_EMPTY_BODY = YES;
				CLANG_WARN_ENUM_CONVERSION = YES;
				CLANG_WARN_INT_CONVERSION = YES;
				CLANG_WARN_OBJC_ROOT_CLASS = YES_ERROR;
				CLANG_WARN_UNREACHABLE_CODE = YES;
				CLANG_WARN__DUPLICATE_METHOD_MATCH = YES;
				COPY_PHASE_STRIP = NO;
				ENABLE_STRICT_OBJC_MSGSEND = YES;
				GCC_C_LANGUAGE_STANDARD = gnu99;
				GCC_DYNAMIC_NO_PIC = NO;
				GCC_OPTIMIZATION_LEVEL = 0;
				GCC_PREPROCESSOR_DEFINITIONS = (
					"DEBUG=1",
					"$(inherited)",
				);
				GCC_SYMBOLS_PRIVATE_EXTERN = NO;
				GCC_WARN_64_TO_32_BIT_CONVERSION = YES;
				GCC_WARN_ABOUT_RETURN_TYPE = YES_ERROR;
				GCC_WARN_UNDECLARED_SELECTOR = YES;
				GCC_WARN_UNINITIALIZED_AUTOS = YES_AGGRESSIVE;
				GCC_WARN_UNUSED_FUNCTION = YES;
				GCC_WARN_UNUSED_VARIABLE = YES;
				MACOSX_DEPLOYMENT_TARGET = 10.9;
				MTL_ENABLE_DEBUG_INFO = YES;
				ONLY_ACTIVE_ARCH = YES;
				SDKROOT = macosx;
			};
			name = Debug;
		};
		54498AD419EEEB1E0005BF09 /* Release */ = {
			isa = XCBuildConfiguration;
			buildSettings = {
				ALWAYS_SEARCH_USER_PATHS = NO;
				CLANG_CXX_LANGUAGE_STANDARD = "gnu++0x";
				CLANG_CXX_LIBRARY = "libc++";
				CLANG_ENABLE_MODULES = YES;
				CLANG_ENABLE_OBJC_ARC = YES;
				CLANG_WARN_BOOL_CONVERSION = YES;
				CLANG_WARN_CONSTANT_CONVERSION = YES;
				CLANG_WARN_DIRECT_OBJC_ISA_USAGE = YES_ERROR;
				CLANG_WARN_EMPTY_BODY = YES;
				CLANG_WARN_ENUM_CONVERSION = YES;
				CLANG_WARN_INT_CONVERSION = YES;
				CLANG_WARN_OBJC_ROOT_CLASS = YES_ERROR;
				CLANG_WARN_UNREACHABLE_CODE = YES;
				CLANG_WARN__DUPLICATE_METHOD_MATCH = YES;
				COPY_PHASE_STRIP = YES;
				DEBUG_INFORMATION_FORMAT = "dwarf-with-dsym";
				ENABLE_NS_ASSERTIONS = NO;
				ENABLE_STRICT_OBJC_MSGSEND = YES;
				GCC_C_LANGUAGE_STANDARD = gnu99;
				GCC_WARN_64_TO_32_BIT_CONVERSION = YES;
				GCC_WARN_ABOUT_RETURN_TYPE = YES_ERROR;
				GCC_WARN_UNDECLARED_SELECTOR = YES;
				GCC_WARN_UNINITIALIZED_AUTOS = YES_AGGRESSIVE;
				GCC_WARN_UNUSED_FUNCTION = YES;
				GCC_WARN_UNUSED_VARIABLE = YES;
				MACOSX_DEPLOYMENT_TARGET = 10.9;
				MTL_ENABLE_DEBUG_INFO = NO;
				SDKROOT = macosx;
			};
			name = Release;
		};
		54498AD619EEEB1E0005BF09 /* Debug */ = {
			isa = XCBuildConfiguration;
			buildSettings = {
				PRODUCT_NAME = "$(TARGET_NAME)";
			};
			name = Debug;
		};
		54498AD719EEEB1E0005BF09 /* Release */ = {
			isa = XCBuildConfiguration;
			buildSettings = {
				PRODUCT_NAME = "$(TARGET_NAME)";
			};
			name = Release;
		};
/* End XCBuildConfiguration section */

/* Begin XCConfigurationList section */
		54498AC919EEEB1E0005BF09 /* Build configuration list for PBXProject "RemoveDuplicateList" */ = {
			isa = XCConfigurationList;
			buildConfigurations = (
				54498AD319EEEB1E0005BF09 /* Debug */,
				54498AD419EEEB1E0005BF09 /* Release */,
			);
			defaultConfigurationIsVisible = 0;
			defaultConfigurationName = Release;
		};
		54498AD519EEEB1E0005BF09 /* Build configuration list for PBXNativeTarget "RemoveDuplicateList" */ = {
			isa = XCConfigurationList;
			buildConfigurations = (
				54498AD619EEEB1E0005BF09 /* Debug */,
				54498AD719EEEB1E0005BF09 /* Release */,
			);
			defaultConfigurationIsVisible = 0;
		};
/* End XCConfigurationList section */
	};
	rootObject = 54498AC619EEEB1E0005BF09 /* Project object */;
}
