// !$*UTF8*$!
{
	archiveVersion = 1;
	classes = {
	};
	objectVersion = 46;
	objects = {

/* Begin PBXBuildFile section */
		54E0769F19EEB3C6004B9FBB /* main.cpp in Sources */ = {isa = PBXBuildFile; fileRef = 54E0769E19EEB3C6004B9FBB /* main.cpp */; };
/* End PBXBuildFile section */

/* Begin PBXCopyFilesBuildPhase section */
		54E0769919EEB3C6004B9FBB /* CopyFiles */ = {
			isa = PBXCopyFilesBuildPhase;
			buildActionMask = 2147483647;
			dstPath = /usr/share/man/man1/;
			dstSubfolderSpec = 0;
			files = (
			);
			runOnlyForDeploymentPostprocessing = 1;
		};
/* End PBXCopyFilesBuildPhase section */

/* Begin PBXFileReference section */
		54E0769B19EEB3C6004B9FBB /* ReverseBetween_leetcode */ = {isa = PBXFileReference; explicitFileType = "compiled.mach-o.executable"; includeInIndex = 0; path = ReverseBetween_leetcode; sourceTree = BUILT_PRODUCTS_DIR; };
		54E0769E19EEB3C6004B9FBB /* main.cpp */ = {isa = PBXFileReference; lastKnownFileType = sourcecode.cpp.cpp; path = main.cpp; sourceTree = "<group>"; };
/* End PBXFileReference section */

/* Begin PBXFrameworksBuildPhase section */
		54E0769819EEB3C6004B9FBB /* Frameworks */ = {
			isa = PBXFrameworksBuildPhase;
			buildActionMask = 2147483647;
			files = (
			);
			runOnlyForDeploymentPostprocessing = 0;
		};
/* End PBXFrameworksBuildPhase section */

/* Begin PBXGroup section */
		54E0769219EEB3C6004B9FBB = {
			isa = PBXGroup;
			children = (
				54E0769D19EEB3C6004B9FBB /* ReverseBetween_leetcode */,
				54E0769C19EEB3C6004B9FBB /* Products */,
			);
			sourceTree = "<group>";
		};
		54E0769C19EEB3C6004B9FBB /* Products */ = {
			isa = PBXGroup;
			children = (
				54E0769B19EEB3C6004B9FBB /* ReverseBetween_leetcode */,
			);
			name = Products;
			sourceTree = "<group>";
		};
		54E0769D19EEB3C6004B9FBB /* ReverseBetween_leetcode */ = {
			isa = PBXGroup;
			children = (
				54E0769E19EEB3C6004B9FBB /* main.cpp */,
			);
			path = ReverseBetween_leetcode;
			sourceTree = "<group>";
		};
/* End PBXGroup section */

/* Begin PBXNativeTarget section */
		54E0769A19EEB3C6004B9FBB /* ReverseBetween_leetcode */ = {
			isa = PBXNativeTarget;
			buildConfigurationList = 54E076A219EEB3C6004B9FBB /* Build configuration list for PBXNativeTarget "ReverseBetween_leetcode" */;
			buildPhases = (
				54E0769719EEB3C6004B9FBB /* Sources */,
				54E0769819EEB3C6004B9FBB /* Frameworks */,
				54E0769919EEB3C6004B9FBB /* CopyFiles */,
			);
			buildRules = (
			);
			dependencies = (
			);
			name = ReverseBetween_leetcode;
			productName = ReverseBetween_leetcode;
			productReference = 54E0769B19EEB3C6004B9FBB /* ReverseBetween_leetcode */;
			productType = "com.apple.product-type.tool";
		};
/* End PBXNativeTarget section */

/* Begin PBXProject section */
		54E0769319EEB3C6004B9FBB /* Project object */ = {
			isa = PBXProject;
			attributes = {
				LastUpgradeCheck = 0600;
				ORGANIZATIONNAME = chen;
				TargetAttributes = {
					54E0769A19EEB3C6004B9FBB = {
						CreatedOnToolsVersion = 6.0.1;
					};
				};
			};
			buildConfigurationList = 54E0769619EEB3C6004B9FBB /* Build configuration list for PBXProject "ReverseBetween_leetcode" */;
			compatibilityVersion = "Xcode 3.2";
			developmentRegion = English;
			hasScannedForEncodings = 0;
			knownRegions = (
				en,
			);
			mainGroup = 54E0769219EEB3C6004B9FBB;
			productRefGroup = 54E0769C19EEB3C6004B9FBB /* Products */;
			projectDirPath = "";
			projectRoot = "";
			targets = (
				54E0769A19EEB3C6004B9FBB /* ReverseBetween_leetcode */,
			);
		};
/* End PBXProject section */

/* Begin PBXSourcesBuildPhase section */
		54E0769719EEB3C6004B9FBB /* Sources */ = {
			isa = PBXSourcesBuildPhase;
			buildActionMask = 2147483647;
			files = (
				54E0769F19EEB3C6004B9FBB /* main.cpp in Sources */,
			);
			runOnlyForDeploymentPostprocessing = 0;
		};
/* End PBXSourcesBuildPhase section */

/* Begin XCBuildConfiguration section */
		54E076A019EEB3C6004B9FBB /* Debug */ = {
			isa = XCBuildConfiguration;
			buildSettings = {
				ALWAYS_SEARCH_USER_PATHS = NO;
				CLANG_CXX_LANGUAGE_STANDARD = "gnu++0x";
				CLANG_CXX_LIBRARY = "libc++";
				CLANG_ENABLE_MODULES = YES;
				CLANG_ENABLE_OBJC_ARC = YES;
				CLANG_WARN_BOOL_CONVERSION = YES;
				CLANG_WARN_CONSTANT_CONVERSION = YES;
				CLANG_WARN_DIRECT_OBJC_ISA_USAGE = YES_ERROR;
				CLANG_WARN_EMPTY_BODY = YES;
				CLANG_WARN_ENUM_CONVERSION = YES;
				CLANG_WARN_INT_CONVERSION = YES;
				CLANG_WARN_OBJC_ROOT_CLASS = YES_ERROR;
				CLANG_WARN_UNREACHABLE_CODE = YES;
				CLANG_WARN__DUPLICATE_METHOD_MATCH = YES;
				COPY_PHASE_STRIP = NO;
				ENABLE_STRICT_OBJC_MSGSEND = YES;
				GCC_C_LANGUAGE_STANDARD = gnu99;
				GCC_DYNAMIC_NO_PIC = NO;
				GCC_OPTIMIZATION_LEVEL = 0;
				GCC_PREPROCESSOR_DEFINITIONS = (
					"DEBUG=1",
					"$(inherited)",
				);
				GCC_SYMBOLS_PRIVATE_EXTERN = NO;
				GCC_WARN_64_TO_32_BIT_CONVERSION = YES;
				GCC_WARN_ABOUT_RETURN_TYPE = YES_ERROR;
				GCC_WARN_UNDECLARED_SELECTOR = YES;
				GCC_WARN_UNINITIALIZED_AUTOS = YES_AGGRESSIVE;
				GCC_WARN_UNUSED_FUNCTION = YES;
				GCC_WARN_UNUSED_VARIABLE = YES;
				MACOSX_DEPLOYMENT_TARGET = 10.9;
				MTL_ENABLE_DEBUG_INFO = YES;
				ONLY_ACTIVE_ARCH = YES;
				SDKROOT = macosx;
			};
			name = Debug;
		};
		54E076A119EEB3C6004B9FBB /* Release */ = {
			isa = XCBuildConfiguration;
			buildSettings = {
				ALWAYS_SEARCH_USER_PATHS = NO;
				CLANG_CXX_LANGUAGE_STANDARD = "gnu++0x";
				CLANG_CXX_LIBRARY = "libc++";
				CLANG_ENABLE_MODULES = YES;
				CLANG_ENABLE_OBJC_ARC = YES;
				CLANG_WARN_BOOL_CONVERSION = YES;
				CLANG_WARN_CONSTANT_CONVERSION = YES;
				CLANG_WARN_DIRECT_OBJC_ISA_USAGE = YES_ERROR;
				CLANG_WARN_EMPTY_BODY = YES;
				CLANG_WARN_ENUM_CONVERSION = YES;
				CLANG_WARN_INT_CONVERSION = YES;
				CLANG_WARN_OBJC_ROOT_CLASS = YES_ERROR;
				CLANG_WARN_UNREACHABLE_CODE = YES;
				CLANG_WARN__DUPLICATE_METHOD_MATCH = YES;
				COPY_PHASE_STRIP = YES;
				DEBUG_INFORMATION_FORMAT = "dwarf-with-dsym";
				ENABLE_NS_ASSERTIONS = NO;
				ENABLE_STRICT_OBJC_MSGSEND = YES;
				GCC_C_LANGUAGE_STANDARD = gnu99;
				GCC_WARN_64_TO_32_BIT_CONVERSION = YES;
				GCC_WARN_ABOUT_RETURN_TYPE = YES_ERROR;
				GCC_WARN_UNDECLARED_SELECTOR = YES;
				GCC_WARN_UNINITIALIZED_AUTOS = YES_AGGRESSIVE;
				GCC_WARN_UNUSED_FUNCTION = YES;
				GCC_WARN_UNUSED_VARIABLE = YES;
				MACOSX_DEPLOYMENT_TARGET = 10.9;
				MTL_ENABLE_DEBUG_INFO = NO;
				SDKROOT = macosx;
			};
			name = Release;
		};
		54E076A319EEB3C6004B9FBB /* Debug */ = {
			isa = XCBuildConfiguration;
			buildSettings = {
				PRODUCT_NAME = "$(TARGET_NAME)";
			};
			name = Debug;
		};
		54E076A419EEB3C6004B9FBB /* Release */ = {
			isa = XCBuildConfiguration;
			buildSettings = {
				PRODUCT_NAME = "$(TARGET_NAME)";
			};
			name = Release;
		};
/* End XCBuildConfiguration section */

/* Begin XCConfigurationList section */
		54E0769619EEB3C6004B9FBB /* Build configuration list for PBXProject "ReverseBetween_leetcode" */ = {
			isa = XCConfigurationList;
			buildConfigurations = (
				54E076A019EEB3C6004B9FBB /* Debug */,
				54E076A119EEB3C6004B9FBB /* Release */,
			);
			defaultConfigurationIsVisible = 0;
			defaultConfigurationName = Release;
		};
		54E076A219EEB3C6004B9FBB /* Build configuration list for PBXNativeTarget "ReverseBetween_leetcode" */ = {
			isa = XCConfigurationList;
			buildConfigurations = (
				54E076A319EEB3C6004B9FBB /* Debug */,
				54E076A419EEB3C6004B9FBB /* Release */,
			);
			defaultConfigurationIsVisible = 0;
		};
/* End XCConfigurationList section */
	};
	rootObject = 54E0769319EEB3C6004B9FBB /* Project object */;
}
