// !$*UTF8*$!
{
	archiveVersion = 1;
	classes = {
	};
	objectVersion = 46;
	objects = {

/* Begin PBXBuildFile section */
		54BC2EE21A1FA22B008D6862 /* main.cpp in Sources */ = {isa = PBXBuildFile; fileRef = 54BC2EE11A1FA22B008D6862 /* main.cpp */; };
/* End PBXBuildFile section */

/* Begin PBXCopyFilesBuildPhase section */
		54BC2EDC1A1FA22B008D6862 /* CopyFiles */ = {
			isa = PBXCopyFilesBuildPhase;
			buildActionMask = 2147483647;
			dstPath = /usr/share/man/man1/;
			dstSubfolderSpec = 0;
			files = (
			);
			runOnlyForDeploymentPostprocessing = 1;
		};
/* End PBXCopyFilesBuildPhase section */

/* Begin PBXFileReference section */
		54BC2EDE1A1FA22B008D6862 /* HuffmanCode */ = {isa = PBXFileReference; explicitFileType = "compiled.mach-o.executable"; includeInIndex = 0; path = HuffmanCode; sourceTree = BUILT_PRODUCTS_DIR; };
		54BC2EE11A1FA22B008D6862 /* main.cpp */ = {isa = PBXFileReference; lastKnownFileType = sourcecode.cpp.cpp; path = main.cpp; sourceTree = "<group>"; };
/* End PBXFileReference section */

/* Begin PBXFrameworksBuildPhase section */
		54BC2EDB1A1FA22B008D6862 /* Frameworks */ = {
			isa = PBXFrameworksBuildPhase;
			buildActionMask = 2147483647;
			files = (
			);
			runOnlyForDeploymentPostprocessing = 0;
		};
/* End PBXFrameworksBuildPhase section */

/* Begin PBXGroup section */
		54BC2ED51A1FA22B008D6862 = {
			isa = PBXGroup;
			children = (
				54BC2EE01A1FA22B008D6862 /* HuffmanCode */,
				54BC2EDF1A1FA22B008D6862 /* Products */,
			);
			sourceTree = "<group>";
		};
		54BC2EDF1A1FA22B008D6862 /* Products */ = {
			isa = PBXGroup;
			children = (
				54BC2EDE1A1FA22B008D6862 /* HuffmanCode */,
			);
			name = Products;
			sourceTree = "<group>";
		};
		54BC2EE01A1FA22B008D6862 /* HuffmanCode */ = {
			isa = PBXGroup;
			children = (
				54BC2EE11A1FA22B008D6862 /* main.cpp */,
			);
			path = HuffmanCode;
			sourceTree = "<group>";
		};
/* End PBXGroup section */

/* Begin PBXNativeTarget section */
		54BC2EDD1A1FA22B008D6862 /* HuffmanCode */ = {
			isa = PBXNativeTarget;
			buildConfigurationList = 54BC2EE51A1FA22B008D6862 /* Build configuration list for PBXNativeTarget "HuffmanCode" */;
			buildPhases = (
				54BC2EDA1A1FA22B008D6862 /* Sources */,
				54BC2EDB1A1FA22B008D6862 /* Frameworks */,
				54BC2EDC1A1FA22B008D6862 /* CopyFiles */,
			);
			buildRules = (
			);
			dependencies = (
			);
			name = HuffmanCode;
			productName = HuffmanCode;
			productReference = 54BC2EDE1A1FA22B008D6862 /* HuffmanCode */;
			productType = "com.apple.product-type.tool";
		};
/* End PBXNativeTarget section */

/* Begin PBXProject section */
		54BC2ED61A1FA22B008D6862 /* Project object */ = {
			isa = PBXProject;
			attributes = {
				LastUpgradeCheck = 0610;
				ORGANIZATIONNAME = chen;
				TargetAttributes = {
					54BC2EDD1A1FA22B008D6862 = {
						CreatedOnToolsVersion = 6.1;
					};
				};
			};
			buildConfigurationList = 54BC2ED91A1FA22B008D6862 /* Build configuration list for PBXProject "HuffmanCode" */;
			compatibilityVersion = "Xcode 3.2";
			developmentRegion = English;
			hasScannedForEncodings = 0;
			knownRegions = (
				en,
			);
			mainGroup = 54BC2ED51A1FA22B008D6862;
			productRefGroup = 54BC2EDF1A1FA22B008D6862 /* Products */;
			projectDirPath = "";
			projectRoot = "";
			targets = (
				54BC2EDD1A1FA22B008D6862 /* HuffmanCode */,
			);
		};
/* End PBXProject section */

/* Begin PBXSourcesBuildPhase section */
		54BC2EDA1A1FA22B008D6862 /* Sources */ = {
			isa = PBXSourcesBuildPhase;
			buildActionMask = 2147483647;
			files = (
				54BC2EE21A1FA22B008D6862 /* main.cpp in Sources */,
			);
			runOnlyForDeploymentPostprocessing = 0;
		};
/* End PBXSourcesBuildPhase section */

/* Begin XCBuildConfiguration section */
		54BC2EE31A1FA22B008D6862 /* Debug */ = {
			isa = XCBuildConfiguration;
			buildSettings = {
				ALWAYS_SEARCH_USER_PATHS = NO;
				CLANG_CXX_LANGUAGE_STANDARD = "gnu++0x";
				CLANG_CXX_LIBRARY = "libc++";
				CLANG_ENABLE_MODULES = YES;
				CLANG_ENABLE_OBJC_ARC = YES;
				CLANG_WARN_BOOL_CONVERSION = YES;
				CLANG_WARN_CONSTANT_CONVERSION = YES;
				CLANG_WARN_DIRECT_OBJC_ISA_USAGE = YES_ERROR;
				CLANG_WARN_EMPTY_BODY = YES;
				CLANG_WARN_ENUM_CONVERSION = YES;
				CLANG_WARN_INT_CONVERSION = YES;
				CLANG_WARN_OBJC_ROOT_CLASS = YES_ERROR;
				CLANG_WARN_UNREACHABLE_CODE = YES;
				CLANG_WARN__DUPLICATE_METHOD_MATCH = YES;
				COPY_PHASE_STRIP = NO;
				ENABLE_STRICT_OBJC_MSGSEND = YES;
				GCC_C_LANGUAGE_STANDARD = gnu99;
				GCC_DYNAMIC_NO_PIC = NO;
				GCC_OPTIMIZATION_LEVEL = 0;
				GCC_PREPROCESSOR_DEFINITIONS = (
					"DEBUG=1",
					"$(inherited)",
				);
				GCC_SYMBOLS_PRIVATE_EXTERN = NO;
				GCC_WARN_64_TO_32_BIT_CONVERSION = YES;
				GCC_WARN_ABOUT_RETURN_TYPE = YES_ERROR;
				GCC_WARN_UNDECLARED_SELECTOR = YES;
				GCC_WARN_UNINITIALIZED_AUTOS = YES_AGGRESSIVE;
				GCC_WARN_UNUSED_FUNCTION = YES;
				GCC_WARN_UNUSED_VARIABLE = YES;
				MACOSX_DEPLOYMENT_TARGET = 10.10;
				MTL_ENABLE_DEBUG_INFO = YES;
				ONLY_ACTIVE_ARCH = YES;
				SDKROOT = macosx;
			};
			name = Debug;
		};
		54BC2EE41A1FA22B008D6862 /* Release */ = {
			isa = XCBuildConfiguration;
			buildSettings = {
				ALWAYS_SEARCH_USER_PATHS = NO;
				CLANG_CXX_LANGUAGE_STANDARD = "gnu++0x";
				CLANG_CXX_LIBRARY = "libc++";
				CLANG_ENABLE_MODULES = YES;
				CLANG_ENABLE_OBJC_ARC = YES;
				CLANG_WARN_BOOL_CONVERSION = YES;
				CLANG_WARN_CONSTANT_CONVERSION = YES;
				CLANG_WARN_DIRECT_OBJC_ISA_USAGE = YES_ERROR;
				CLANG_WARN_EMPTY_BODY = YES;
				CLANG_WARN_ENUM_CONVERSION = YES;
				CLANG_WARN_INT_CONVERSION = YES;
				CLANG_WARN_OBJC_ROOT_CLASS = YES_ERROR;
				CLANG_WARN_UNREACHABLE_CODE = YES;
				CLANG_WARN__DUPLICATE_METHOD_MATCH = YES;
				COPY_PHASE_STRIP = YES;
				DEBUG_INFORMATION_FORMAT = "dwarf-with-dsym";
				ENABLE_NS_ASSERTIONS = NO;
				ENABLE_STRICT_OBJC_MSGSEND = YES;
				GCC_C_LANGUAGE_STANDARD = gnu99;
				GCC_WARN_64_TO_32_BIT_CONVERSION = YES;
				GCC_WARN_ABOUT_RETURN_TYPE = YES_ERROR;
				GCC_WARN_UNDECLARED_SELECTOR = YES;
				GCC_WARN_UNINITIALIZED_AUTOS = YES_AGGRESSIVE;
				GCC_WARN_UNUSED_FUNCTION = YES;
				GCC_WARN_UNUSED_VARIABLE = YES;
				MACOSX_DEPLOYMENT_TARGET = 10.10;
				MTL_ENABLE_DEBUG_INFO = NO;
				SDKROOT = macosx;
			};
			name = Release;
		};
		54BC2EE61A1FA22B008D6862 /* Debug */ = {
			isa = XCBuildConfiguration;
			buildSettings = {
				PRODUCT_NAME = "$(TARGET_NAME)";
			};
			name = Debug;
		};
		54BC2EE71A1FA22B008D6862 /* Release */ = {
			isa = XCBuildConfiguration;
			buildSettings = {
				PRODUCT_NAME = "$(TARGET_NAME)";
			};
			name = Release;
		};
/* End XCBuildConfiguration section */

/* Begin XCConfigurationList section */
		54BC2ED91A1FA22B008D6862 /* Build configuration list for PBXProject "HuffmanCode" */ = {
			isa = XCConfigurationList;
			buildConfigurations = (
				54BC2EE31A1FA22B008D6862 /* Debug */,
				54BC2EE41A1FA22B008D6862 /* Release */,
			);
			defaultConfigurationIsVisible = 0;
			defaultConfigurationName = Release;
		};
		54BC2EE51A1FA22B008D6862 /* Build configuration list for PBXNativeTarget "HuffmanCode" */ = {
			isa = XCConfigurationList;
			buildConfigurations = (
				54BC2EE61A1FA22B008D6862 /* Debug */,
				54BC2EE71A1FA22B008D6862 /* Release */,
			);
			defaultConfigurationIsVisible = 0;
		};
/* End XCConfigurationList section */
	};
	rootObject = 54BC2ED61A1FA22B008D6862 /* Project object */;
}
